
Microsoft Visual Studio Solution File, Format Version 12.00
# Visual Studio 15
VisualStudioVersion = 15.0.28010.2050
MinimumVisualStudioVersion = 10.0.40219.1
Project("{FAE04EC0-301F-11D3-BF4B-00C04F79EFBC}") = "ScribeScroll", "ScribeScroll\ScribeScroll.csproj", "{9379C37F-B226-4F81-893D-372F0CCEAAE5}"
EndProject
Global
	GlobalSection(SolutionConfigurationPlatforms) = preSolution
		Debug|Any CPU = Debug|Any CPU
		Release|Any CPU = Release|Any CPU
	EndGlobalSection
	GlobalSection(ProjectConfigurationPlatforms) = postSolution
		{9379C37F-B226-4F81-893D-372F0CCEAAE5}.Debug|Any CPU.ActiveCfg = Debug|Any CPU
		{9379C37F-B226-4F81-893D-372F0CCEAAE5}.Debug|Any CPU.Build.0 = Debug|Any CPU
		{9379C37F-B226-4F81-893D-372F0CCEAAE5}.Release|Any CPU.ActiveCfg = Release|Any CPU
		{9379C37F-B226-4F81-893D-372F0CCEAAE5}.Release|Any CPU.Build.0 = Release|Any CPU
	EndGlobalSection
	GlobalSection(SolutionProperties) = preSolution
		HideSolutionNode = FALSE
	EndGlobalSection
	GlobalSection(ExtensibilityGlobals) = postSolution
		SolutionGuid = {46E1DFE8-C7A3-4C06-A667-7CFD82DA1213}
	EndGlobalSection
EndGlobal
